
Microsoft Visual Studio Solution File, Format Version 12.00
# Visual Studio 15
VisualStudioVersion = 15.0.26228.9
MinimumVisualStudioVersion = 10.0.40219.1
Project("{22325025-CDA3-4736-83CB-2D32D2FCC215}") = "CFVPCDemo.CloudFormation", "CFVPCDemo.CloudFormation\CFVPCDemo.CloudFormation.cfproj", "{5E0D1A1B-379C-4217-9B37-26421A089725}"
EndProject
Global
	GlobalSection(SolutionConfigurationPlatforms) = preSolution
		Debug|x86 = Debug|x86
		Release|x86 = Release|x86
	EndGlobalSection
	GlobalSection(ProjectConfigurationPlatforms) = postSolution
		{5E0D1A1B-379C-4217-9B37-26421A089725}.Debug|x86.ActiveCfg = Debug|x86
		{5E0D1A1B-379C-4217-9B37-26421A089725}.Debug|x86.Build.0 = Debug|x86
		{5E0D1A1B-379C-4217-9B37-26421A089725}.Release|x86.ActiveCfg = Release|x86
		{5E0D1A1B-379C-4217-9B37-26421A089725}.Release|x86.Build.0 = Release|x86
	EndGlobalSection
	GlobalSection(SolutionProperties) = preSolution
		HideSolutionNode = FALSE
	EndGlobalSection
EndGlobal
